// !$*UTF8*$!
{
	archiveVersion = 1;
	classes = {
	};
	objectVersion = 56;
	objects = {

/* Begin PBXBuildFile section */
		39133A5D2BB4050000B4D31D /* AppDelegate.swift in Sources */ = {isa = PBXBuildFile; fileRef = 39133A5C2BB4050000B4D31D /* AppDelegate.swift */; };
		39133A5F2BB4050000B4D31D /* SceneDelegate.swift in Sources */ = {isa = PBXBuildFile; fileRef = 39133A5E2BB4050000B4D31D /* SceneDelegate.swift */; };
		39133A612BB4050000B4D31D /* ViewController.swift in Sources */ = {isa = PBXBuildFile; fileRef = 39133A602BB4050000B4D31D /* ViewController.swift */; };
		39133A662BB4050200B4D31D /* Assets.xcassets in Resources */ = {isa = PBXBuildFile; fileRef = 39133A652BB4050200B4D31D /* Assets.xcassets */; };
		39133A692BB4050200B4D31D /* LaunchScreen.storyboard in Resources */ = {isa = PBXBuildFile; fileRef = 39133A672BB4050200B4D31D /* LaunchScreen.storyboard */; };
		39133A732BB405A700B4D31D /* ProfileViewController.swift in Sources */ = {isa = PBXBuildFile; fileRef = 39133A722BB405A700B4D31D /* ProfileViewController.swift */; };
		39133A7C2BB408AF00B4D31D /* ProfileHeaderView.swift in Sources */ = {isa = PBXBuildFile; fileRef = 39133A7B2BB408AF00B4D31D /* ProfileHeaderView.swift */; };
		39133AE02BB93DBD00B4D31D /* LoginViewController.swift in Sources */ = {isa = PBXBuildFile; fileRef = 39133ADF2BB93DBD00B4D31D /* LoginViewController.swift */; };
		39133AE22BB93DEE00B4D31D /* Theme.swift in Sources */ = {isa = PBXBuildFile; fileRef = 39133AE12BB93DEE00B4D31D /* Theme.swift */; };
		39133AE42BB93E2500B4D31D /* ColorSetForButton.swift in Sources */ = {isa = PBXBuildFile; fileRef = 39133AE32BB93E2500B4D31D /* ColorSetForButton.swift */; };
		39133B282BBAA0B300B4D31D /* StorageService.framework in Frameworks */ = {isa = PBXBuildFile; fileRef = 39133B132BBAA0B300B4D31D /* StorageService.framework */; };
		39133B292BBAA0B300B4D31D /* StorageService.framework in Embed Frameworks */ = {isa = PBXBuildFile; fileRef = 39133B132BBAA0B300B4D31D /* StorageService.framework */; settings = {ATTRIBUTES = (CodeSignOnCopy, RemoveHeadersOnCopy, ); }; };
		39133B322BBAA11900B4D31D /* StorageService.framework in Frameworks */ = {isa = PBXBuildFile; fileRef = 39133B132BBAA0B300B4D31D /* StorageService.framework */; };
		39133B5A2BBE660C00B4D31D /* PostExamples.swift in Sources */ = {isa = PBXBuildFile; fileRef = 39133B592BBE660C00B4D31D /* PostExamples.swift */; };
		39133B5B2BBE664D00B4D31D /* Post.swift in Sources */ = {isa = PBXBuildFile; fileRef = 39133A792BB406BE00B4D31D /* Post.swift */; };
		39133B5D2BBE691D00B4D31D /* PostTableViewCell.swift in Sources */ = {isa = PBXBuildFile; fileRef = 39133B5C2BBE691D00B4D31D /* PostTableViewCell.swift */; };
		39133B602BBEC1EF00B4D31D /* PhotosColletctionViewCell.swift in Sources */ = {isa = PBXBuildFile; fileRef = 39133B5F2BBEC1EF00B4D31D /* PhotosColletctionViewCell.swift */; };
		39133B622BBF1B1B00B4D31D /* PhotosTableViewCell.swift in Sources */ = {isa = PBXBuildFile; fileRef = 39133B612BBF1B1B00B4D31D /* PhotosTableViewCell.swift */; };
		39133B642BBF1C7100B4D31D /* PhotosViewController.swift in Sources */ = {isa = PBXBuildFile; fileRef = 39133B632BBF1C7100B4D31D /* PhotosViewController.swift */; };
		39133B662BBFD28C00B4D31D /* Photos.swift in Sources */ = {isa = PBXBuildFile; fileRef = 39133B652BBFD28C00B4D31D /* Photos.swift */; };
		399D3B272BCBB8630018B935 /* SnapKit in Frameworks */ = {isa = PBXBuildFile; productRef = 399D3B262BCBB8630018B935 /* SnapKit */; };
		399D3B2C2BCC3E120018B935 /* Filters.swift in Sources */ = {isa = PBXBuildFile; fileRef = 399D3B2B2BCC3E120018B935 /* Filters.swift */; };
		399D3B752BDAB6B60018B935 /* User.swift in Sources */ = {isa = PBXBuildFile; fileRef = 399D3B742BDAB6B60018B935 /* User.swift */; };
		399D3B772BDAB74F0018B935 /* UserService.swift in Sources */ = {isa = PBXBuildFile; fileRef = 399D3B762BDAB74F0018B935 /* UserService.swift */; };
		399D3B792BDAB91E0018B935 /* Cheker.swift in Sources */ = {isa = PBXBuildFile; fileRef = 399D3B782BDAB91E0018B935 /* Cheker.swift */; };
		399D3B7B2BDAB99F0018B935 /* LoginViewControllerDelegate.swift in Sources */ = {isa = PBXBuildFile; fileRef = 399D3B7A2BDAB99F0018B935 /* LoginViewControllerDelegate.swift */; };
		399D3B7E2BDAC1370018B935 /* LoginFactory.swift in Sources */ = {isa = PBXBuildFile; fileRef = 399D3B7D2BDAC1370018B935 /* LoginFactory.swift */; };
		399D3B872BDF923C0018B935 /* iOSIntPackage in Frameworks */ = {isa = PBXBuildFile; productRef = 399D3B862BDF923C0018B935 /* iOSIntPackage */; };
		399D3B892BE0D2190018B935 /* Photo.swift in Sources */ = {isa = PBXBuildFile; fileRef = 399D3B882BE0D2190018B935 /* Photo.swift */; };
		399D3B8C2BE157A50018B935 /* CustomButton.swift in Sources */ = {isa = PBXBuildFile; fileRef = 399D3B8B2BE157A50018B935 /* CustomButton.swift */; };
		399D3B922BE162700018B935 /* FeedViewController.swift in Sources */ = {isa = PBXBuildFile; fileRef = 399D3B912BE162700018B935 /* FeedViewController.swift */; };
		399D3B942BE1629D0018B935 /* FeedModel.swift in Sources */ = {isa = PBXBuildFile; fileRef = 399D3B932BE1629D0018B935 /* FeedModel.swift */; };
		399D3B962BE162E90018B935 /* InfoViewController.swift in Sources */ = {isa = PBXBuildFile; fileRef = 399D3B952BE162E90018B935 /* InfoViewController.swift */; };
		399D3B982BE167B10018B935 /* PostViewContoller.swift in Sources */ = {isa = PBXBuildFile; fileRef = 399D3B972BE167B10018B935 /* PostViewContoller.swift */; };
		399D3B9A2BE169520018B935 /* FeedView.swift in Sources */ = {isa = PBXBuildFile; fileRef = 399D3B992BE169520018B935 /* FeedView.swift */; };
/* End PBXBuildFile section */

/* Begin PBXContainerItemProxy section */
		39133B0B2BBA9E7C00B4D31D /* PBXContainerItemProxy */ = {
			isa = PBXContainerItemProxy;
			containerPortal = 39133A512BB4050000B4D31D /* Project object */;
			proxyType = 1;
			remoteGlobalIDString = 39133B122BBAA0B200B4D31D;
			remoteInfo = StorageService;
		};
		39133B262BBAA0B300B4D31D /* PBXContainerItemProxy */ = {
			isa = PBXContainerItemProxy;
			containerPortal = 39133A512BB4050000B4D31D /* Project object */;
			proxyType = 1;
			remoteGlobalIDString = 39133B122BBAA0B200B4D31D;
			remoteInfo = StorageService;
		};
		39133B332BBAA11900B4D31D /* PBXContainerItemProxy */ = {
			isa = PBXContainerItemProxy;
			containerPortal = 39133A512BB4050000B4D31D /* Project object */;
			proxyType = 1;
			remoteGlobalIDString = 39133B122BBAA0B200B4D31D;
			remoteInfo = StorageService;
		};
/* End PBXContainerItemProxy section */

/* Begin PBXCopyFilesBuildPhase section */
		39133B012BBA92AE00B4D31D /* Embed Frameworks */ = {
			isa = PBXCopyFilesBuildPhase;
			buildActionMask = 2147483647;
			dstPath = "";
			dstSubfolderSpec = 10;
			files = (
				39133B292BBAA0B300B4D31D /* StorageService.framework in Embed Frameworks */,
			);
			name = "Embed Frameworks";
			runOnlyForDeploymentPostprocessing = 0;
		};
		39133B382BBAA11E00B4D31D /* Embed PlugIns */ = {
			isa = PBXCopyFilesBuildPhase;
			buildActionMask = 2147483647;
			dstPath = "";
			dstSubfolderSpec = 13;
			files = (
			);
			name = "Embed PlugIns";
			runOnlyForDeploymentPostprocessing = 0;
		};
/* End PBXCopyFilesBuildPhase section */

/* Begin PBXFileReference section */
		39133A592BB4050000B4D31D /* Navigation5.app */ = {isa = PBXFileReference; explicitFileType = wrapper.application; includeInIndex = 0; path = Navigation5.app; sourceTree = BUILT_PRODUCTS_DIR; };
		39133A5C2BB4050000B4D31D /* AppDelegate.swift */ = {isa = PBXFileReference; lastKnownFileType = sourcecode.swift; path = AppDelegate.swift; sourceTree = "<group>"; };
		39133A5E2BB4050000B4D31D /* SceneDelegate.swift */ = {isa = PBXFileReference; lastKnownFileType = sourcecode.swift; path = SceneDelegate.swift; sourceTree = "<group>"; };
		39133A602BB4050000B4D31D /* ViewController.swift */ = {isa = PBXFileReference; lastKnownFileType = sourcecode.swift; path = ViewController.swift; sourceTree = "<group>"; };
		39133A652BB4050200B4D31D /* Assets.xcassets */ = {isa = PBXFileReference; lastKnownFileType = folder.assetcatalog; path = Assets.xcassets; sourceTree = "<group>"; };
		39133A682BB4050200B4D31D /* Base */ = {isa = PBXFileReference; lastKnownFileType = file.storyboard; name = Base; path = Base.lproj/LaunchScreen.storyboard; sourceTree = "<group>"; };
		39133A6A2BB4050200B4D31D /* Info.plist */ = {isa = PBXFileReference; lastKnownFileType = text.plist.xml; path = Info.plist; sourceTree = "<group>"; };
		39133A722BB405A700B4D31D /* ProfileViewController.swift */ = {isa = PBXFileReference; lastKnownFileType = sourcecode.swift; path = ProfileViewController.swift; sourceTree = "<group>"; };
		39133A792BB406BE00B4D31D /* Post.swift */ = {isa = PBXFileReference; lastKnownFileType = sourcecode.swift; path = Post.swift; sourceTree = "<group>"; };
		39133A7B2BB408AF00B4D31D /* ProfileHeaderView.swift */ = {isa = PBXFileReference; lastKnownFileType = sourcecode.swift; path = ProfileHeaderView.swift; sourceTree = "<group>"; };
		39133ADF2BB93DBD00B4D31D /* LoginViewController.swift */ = {isa = PBXFileReference; lastKnownFileType = sourcecode.swift; path = LoginViewController.swift; sourceTree = "<group>"; };
		39133AE12BB93DEE00B4D31D /* Theme.swift */ = {isa = PBXFileReference; lastKnownFileType = sourcecode.swift; path = Theme.swift; sourceTree = "<group>"; };
		39133AE32BB93E2500B4D31D /* ColorSetForButton.swift */ = {isa = PBXFileReference; lastKnownFileType = sourcecode.swift; path = ColorSetForButton.swift; sourceTree = "<group>"; };
		39133B132BBAA0B300B4D31D /* StorageService.framework */ = {isa = PBXFileReference; explicitFileType = wrapper.framework; includeInIndex = 0; path = StorageService.framework; sourceTree = BUILT_PRODUCTS_DIR; };
		39133B592BBE660C00B4D31D /* PostExamples.swift */ = {isa = PBXFileReference; lastKnownFileType = sourcecode.swift; path = PostExamples.swift; sourceTree = "<group>"; };
		39133B5C2BBE691D00B4D31D /* PostTableViewCell.swift */ = {isa = PBXFileReference; lastKnownFileType = sourcecode.swift; path = PostTableViewCell.swift; sourceTree = "<group>"; };
		39133B5F2BBEC1EF00B4D31D /* PhotosColletctionViewCell.swift */ = {isa = PBXFileReference; lastKnownFileType = sourcecode.swift; path = PhotosColletctionViewCell.swift; sourceTree = "<group>"; };
		39133B612BBF1B1B00B4D31D /* PhotosTableViewCell.swift */ = {isa = PBXFileReference; lastKnownFileType = sourcecode.swift; path = PhotosTableViewCell.swift; sourceTree = "<group>"; };
		39133B632BBF1C7100B4D31D /* PhotosViewController.swift */ = {isa = PBXFileReference; lastKnownFileType = sourcecode.swift; path = PhotosViewController.swift; sourceTree = "<group>"; };
		39133B652BBFD28C00B4D31D /* Photos.swift */ = {isa = PBXFileReference; lastKnownFileType = sourcecode.swift; path = Photos.swift; sourceTree = "<group>"; };
		399D3B2B2BCC3E120018B935 /* Filters.swift */ = {isa = PBXFileReference; lastKnownFileType = sourcecode.swift; path = Filters.swift; sourceTree = "<group>"; };
		399D3B742BDAB6B60018B935 /* User.swift */ = {isa = PBXFileReference; lastKnownFileType = sourcecode.swift; path = User.swift; sourceTree = "<group>"; };
		399D3B762BDAB74F0018B935 /* UserService.swift */ = {isa = PBXFileReference; lastKnownFileType = sourcecode.swift; path = UserService.swift; sourceTree = "<group>"; };
		399D3B782BDAB91E0018B935 /* Cheker.swift */ = {isa = PBXFileReference; lastKnownFileType = sourcecode.swift; path = Cheker.swift; sourceTree = "<group>"; };
		399D3B7A2BDAB99F0018B935 /* LoginViewControllerDelegate.swift */ = {isa = PBXFileReference; lastKnownFileType = sourcecode.swift; path = LoginViewControllerDelegate.swift; sourceTree = "<group>"; };
		399D3B7D2BDAC1370018B935 /* LoginFactory.swift */ = {isa = PBXFileReference; lastKnownFileType = sourcecode.swift; path = LoginFactory.swift; sourceTree = "<group>"; };
		399D3B882BE0D2190018B935 /* Photo.swift */ = {isa = PBXFileReference; lastKnownFileType = sourcecode.swift; path = Photo.swift; sourceTree = "<group>"; };
		399D3B8B2BE157A50018B935 /* CustomButton.swift */ = {isa = PBXFileReference; lastKnownFileType = sourcecode.swift; path = CustomButton.swift; sourceTree = "<group>"; };
		399D3B912BE162700018B935 /* FeedViewController.swift */ = {isa = PBXFileReference; lastKnownFileType = sourcecode.swift; path = FeedViewController.swift; sourceTree = "<group>"; };
		399D3B932BE1629D0018B935 /* FeedModel.swift */ = {isa = PBXFileReference; lastKnownFileType = sourcecode.swift; path = FeedModel.swift; sourceTree = "<group>"; };
		399D3B952BE162E90018B935 /* InfoViewController.swift */ = {isa = PBXFileReference; lastKnownFileType = sourcecode.swift; path = InfoViewController.swift; sourceTree = "<group>"; };
		399D3B972BE167B10018B935 /* PostViewContoller.swift */ = {isa = PBXFileReference; lastKnownFileType = sourcecode.swift; path = PostViewContoller.swift; sourceTree = "<group>"; };
		399D3B992BE169520018B935 /* FeedView.swift */ = {isa = PBXFileReference; lastKnownFileType = sourcecode.swift; path = FeedView.swift; sourceTree = "<group>"; };
/* End PBXFileReference section */

/* Begin PBXFrameworksBuildPhase section */
		39133A562BB4050000B4D31D /* Frameworks */ = {
			isa = PBXFrameworksBuildPhase;
			buildActionMask = 2147483647;
			files = (
				399D3B872BDF923C0018B935 /* iOSIntPackage in Frameworks */,
				39133B322BBAA11900B4D31D /* StorageService.framework in Frameworks */,
				39133B282BBAA0B300B4D31D /* StorageService.framework in Frameworks */,
			);
			runOnlyForDeploymentPostprocessing = 0;
		};
		39133B102BBAA0B200B4D31D /* Frameworks */ = {
			isa = PBXFrameworksBuildPhase;
			buildActionMask = 2147483647;
			files = (
				399D3B272BCBB8630018B935 /* SnapKit in Frameworks */,
			);
			runOnlyForDeploymentPostprocessing = 0;
		};
/* End PBXFrameworksBuildPhase section */

/* Begin PBXGroup section */
		39133A502BB4050000B4D31D = {
			isa = PBXGroup;
			children = (
				39133A5B2BB4050000B4D31D /* Navigation5 */,
				39133A5A2BB4050000B4D31D /* Products */,
				39133B312BBAA11900B4D31D /* Frameworks */,
			);
			sourceTree = "<group>";
		};
		39133A5A2BB4050000B4D31D /* Products */ = {
			isa = PBXGroup;
			children = (
				39133A592BB4050000B4D31D /* Navigation5.app */,
				39133B132BBAA0B300B4D31D /* StorageService.framework */,
			);
			name = Products;
			sourceTree = "<group>";
		};
		39133A5B2BB4050000B4D31D /* Navigation5 */ = {
			isa = PBXGroup;
			children = (
				399D3B8D2BE161C40018B935 /* FeedMVC */,
				399D3B8A2BE156370018B935 /* App */,
				399D3B7C2BDAC1120018B935 /* Factory */,
				399D3B732BDAB6A40018B935 /* User */,
				39133A762BB4065B00B4D31D /* Profile */,
				39133A602BB4050000B4D31D /* ViewController.swift */,
				39133A672BB4050200B4D31D /* LaunchScreen.storyboard */,
				39133A6A2BB4050200B4D31D /* Info.plist */,
				39133A722BB405A700B4D31D /* ProfileViewController.swift */,
				39133ADF2BB93DBD00B4D31D /* LoginViewController.swift */,
				39133AE12BB93DEE00B4D31D /* Theme.swift */,
				39133A792BB406BE00B4D31D /* Post.swift */,
				39133AE32BB93E2500B4D31D /* ColorSetForButton.swift */,
				39133B592BBE660C00B4D31D /* PostExamples.swift */,
				39133B5C2BBE691D00B4D31D /* PostTableViewCell.swift */,
				39133B5F2BBEC1EF00B4D31D /* PhotosColletctionViewCell.swift */,
				39133B612BBF1B1B00B4D31D /* PhotosTableViewCell.swift */,
				39133B652BBFD28C00B4D31D /* Photos.swift */,
				399D3B2B2BCC3E120018B935 /* Filters.swift */,
				399D3B882BE0D2190018B935 /* Photo.swift */,
				399D3B8B2BE157A50018B935 /* CustomButton.swift */,
				399D3B972BE167B10018B935 /* PostViewContoller.swift */,
			);
			path = Navigation5;
			sourceTree = "<group>";
		};
		39133A762BB4065B00B4D31D /* Profile */ = {
			isa = PBXGroup;
			children = (
				39133A7B2BB408AF00B4D31D /* ProfileHeaderView.swift */,
				39133B632BBF1C7100B4D31D /* PhotosViewController.swift */,
			);
			path = Profile;
			sourceTree = "<group>";
		};
		39133B312BBAA11900B4D31D /* Frameworks */ = {
			isa = PBXGroup;
			children = (
			);
			name = Frameworks;
			sourceTree = "<group>";
		};
		399D3B732BDAB6A40018B935 /* User */ = {
			isa = PBXGroup;
			children = (
				399D3B742BDAB6B60018B935 /* User.swift */,
				399D3B762BDAB74F0018B935 /* UserService.swift */,
				399D3B782BDAB91E0018B935 /* Cheker.swift */,
				399D3B7A2BDAB99F0018B935 /* LoginViewControllerDelegate.swift */,
			);
			path = User;
			sourceTree = "<group>";
		};
		399D3B7C2BDAC1120018B935 /* Factory */ = {
			isa = PBXGroup;
			children = (
				399D3B7D2BDAC1370018B935 /* LoginFactory.swift */,
			);
			path = Factory;
			sourceTree = "<group>";
		};
		399D3B8A2BE156370018B935 /* App */ = {
			isa = PBXGroup;
			children = (
				39133A652BB4050200B4D31D /* Assets.xcassets */,
				39133A5C2BB4050000B4D31D /* AppDelegate.swift */,
				39133A5E2BB4050000B4D31D /* SceneDelegate.swift */,
			);
			path = App;
			sourceTree = "<group>";
		};
		399D3B8D2BE161C40018B935 /* FeedMVC */ = {
			isa = PBXGroup;
			children = (
				399D3B902BE162270018B935 /* View */,
				399D3B8F2BE1621A0018B935 /* Model */,
				399D3B8E2BE1620E0018B935 /* Contoller */,
			);
			path = FeedMVC;
			sourceTree = "<group>";
		};
		399D3B8E2BE1620E0018B935 /* Contoller */ = {
			isa = PBXGroup;
			children = (
				399D3B912BE162700018B935 /* FeedViewController.swift */,
			);
			path = Contoller;
			sourceTree = "<group>";
		};
		399D3B8F2BE1621A0018B935 /* Model */ = {
			isa = PBXGroup;
			children = (
				399D3B932BE1629D0018B935 /* FeedModel.swift */,
			);
			path = Model;
			sourceTree = "<group>";
		};
		399D3B902BE162270018B935 /* View */ = {
			isa = PBXGroup;
			children = (
				399D3B952BE162E90018B935 /* InfoViewController.swift */,
				399D3B992BE169520018B935 /* FeedView.swift */,
			);
			path = View;
			sourceTree = "<group>";
		};
/* End PBXGroup section */

/* Begin PBXHeadersBuildPhase section */
		39133B0E2BBAA0B200B4D31D /* Headers */ = {
			isa = PBXHeadersBuildPhase;
			buildActionMask = 2147483647;
			files = (
			);
			runOnlyForDeploymentPostprocessing = 0;
		};
/* End PBXHeadersBuildPhase section */

/* Begin PBXNativeTarget section */
		39133A582BB4050000B4D31D /* Navigation5 */ = {
			isa = PBXNativeTarget;
			buildConfigurationList = 39133A6D2BB4050200B4D31D /* Build configuration list for PBXNativeTarget "Navigation5" */;
			buildPhases = (
				39133A552BB4050000B4D31D /* Sources */,
				39133A562BB4050000B4D31D /* Frameworks */,
				39133A572BB4050000B4D31D /* Resources */,
				39133B012BBA92AE00B4D31D /* Embed Frameworks */,
				39133B382BBAA11E00B4D31D /* Embed PlugIns */,
			);
			buildRules = (
			);
			dependencies = (
				39133B0C2BBA9E7C00B4D31D /* PBXTargetDependency */,
				39133B272BBAA0B300B4D31D /* PBXTargetDependency */,
				39133B342BBAA11900B4D31D /* PBXTargetDependency */,
			);
			name = Navigation5;
			packageProductDependencies = (
				399D3B862BDF923C0018B935 /* iOSIntPackage */,
			);
			productName = Navigation5;
			productReference = 39133A592BB4050000B4D31D /* Navigation5.app */;
			productType = "com.apple.product-type.application";
		};
		39133B122BBAA0B200B4D31D /* StorageService */ = {
			isa = PBXNativeTarget;
			buildConfigurationList = 39133B2A2BBAA0B300B4D31D /* Build configuration list for PBXNativeTarget "StorageService" */;
			buildPhases = (
				39133B0E2BBAA0B200B4D31D /* Headers */,
				39133B0F2BBAA0B200B4D31D /* Sources */,
				39133B102BBAA0B200B4D31D /* Frameworks */,
				39133B112BBAA0B200B4D31D /* Resources */,
			);
			buildRules = (
			);
			dependencies = (
			);
			name = StorageService;
			packageProductDependencies = (
				399D3B262BCBB8630018B935 /* SnapKit */,
			);
			productName = StorageService;
			productReference = 39133B132BBAA0B300B4D31D /* StorageService.framework */;
			productType = "com.apple.product-type.framework";
		};
/* End PBXNativeTarget section */

/* Begin PBXProject section */
		39133A512BB4050000B4D31D /* Project object */ = {
			isa = PBXProject;
			attributes = {
				BuildIndependentTargetsInParallel = 1;
				LastSwiftUpdateCheck = 1430;
				LastUpgradeCheck = 1430;
				TargetAttributes = {
					39133A582BB4050000B4D31D = {
						CreatedOnToolsVersion = 14.3;
					};
					39133B122BBAA0B200B4D31D = {
						CreatedOnToolsVersion = 14.3;
					};
				};
			};
			buildConfigurationList = 39133A542BB4050000B4D31D /* Build configuration list for PBXProject "Navigation5" */;
			compatibilityVersion = "Xcode 14.0";
			developmentRegion = en;
			hasScannedForEncodings = 0;
			knownRegions = (
				en,
				Base,
			);
			mainGroup = 39133A502BB4050000B4D31D;
			packageReferences = (
				399D3B252BCBB8630018B935 /* XCRemoteSwiftPackageReference "SnapKit" */,
				399D3B852BDF923C0018B935 /* XCRemoteSwiftPackageReference "iOSIntPackage" */,
			);
			productRefGroup = 39133A5A2BB4050000B4D31D /* Products */;
			projectDirPath = "";
			projectRoot = "";
			targets = (
				39133A582BB4050000B4D31D /* Navigation5 */,
				39133B122BBAA0B200B4D31D /* StorageService */,
			);
		};
/* End PBXProject section */

/* Begin PBXResourcesBuildPhase section */
		39133A572BB4050000B4D31D /* Resources */ = {
			isa = PBXResourcesBuildPhase;
			buildActionMask = 2147483647;
			files = (
				39133A692BB4050200B4D31D /* LaunchScreen.storyboard in Resources */,
				39133A662BB4050200B4D31D /* Assets.xcassets in Resources */,
			);
			runOnlyForDeploymentPostprocessing = 0;
		};
		39133B112BBAA0B200B4D31D /* Resources */ = {
			isa = PBXResourcesBuildPhase;
			buildActionMask = 2147483647;
			files = (
			);
			runOnlyForDeploymentPostprocessing = 0;
		};
/* End PBXResourcesBuildPhase section */

/* Begin PBXSourcesBuildPhase section */
		39133A552BB4050000B4D31D /* Sources */ = {
			isa = PBXSourcesBuildPhase;
			buildActionMask = 2147483647;
			files = (
				399D3B9A2BE169520018B935 /* FeedView.swift in Sources */,
				399D3B8C2BE157A50018B935 /* CustomButton.swift in Sources */,
				399D3B982BE167B10018B935 /* PostViewContoller.swift in Sources */,
				399D3B922BE162700018B935 /* FeedViewController.swift in Sources */,
				39133B662BBFD28C00B4D31D /* Photos.swift in Sources */,
				399D3B792BDAB91E0018B935 /* Cheker.swift in Sources */,
				39133AE42BB93E2500B4D31D /* ColorSetForButton.swift in Sources */,
				39133B642BBF1C7100B4D31D /* PhotosViewController.swift in Sources */,
				39133A612BB4050000B4D31D /* ViewController.swift in Sources */,
				39133A5D2BB4050000B4D31D /* AppDelegate.swift in Sources */,
				399D3B7B2BDAB99F0018B935 /* LoginViewControllerDelegate.swift in Sources */,
				39133B622BBF1B1B00B4D31D /* PhotosTableViewCell.swift in Sources */,
				399D3B942BE1629D0018B935 /* FeedModel.swift in Sources */,
				399D3B892BE0D2190018B935 /* Photo.swift in Sources */,
				39133B5B2BBE664D00B4D31D /* Post.swift in Sources */,
				399D3B752BDAB6B60018B935 /* User.swift in Sources */,
				39133AE22BB93DEE00B4D31D /* Theme.swift in Sources */,
				399D3B2C2BCC3E120018B935 /* Filters.swift in Sources */,
				39133A7C2BB408AF00B4D31D /* ProfileHeaderView.swift in Sources */,
				399D3B7E2BDAC1370018B935 /* LoginFactory.swift in Sources */,
				39133B602BBEC1EF00B4D31D /* PhotosColletctionViewCell.swift in Sources */,
				39133B5D2BBE691D00B4D31D /* PostTableViewCell.swift in Sources */,
				399D3B772BDAB74F0018B935 /* UserService.swift in Sources */,
				39133A732BB405A700B4D31D /* ProfileViewController.swift in Sources */,
				39133AE02BB93DBD00B4D31D /* LoginViewController.swift in Sources */,
				39133B5A2BBE660C00B4D31D /* PostExamples.swift in Sources */,
				39133A5F2BB4050000B4D31D /* SceneDelegate.swift in Sources */,
				399D3B962BE162E90018B935 /* InfoViewController.swift in Sources */,
			);
			runOnlyForDeploymentPostprocessing = 0;
		};
		39133B0F2BBAA0B200B4D31D /* Sources */ = {
			isa = PBXSourcesBuildPhase;
			buildActionMask = 2147483647;
			files = (
			);
			runOnlyForDeploymentPostprocessing = 0;
		};
/* End PBXSourcesBuildPhase section */

/* Begin PBXTargetDependency section */
		39133B0C2BBA9E7C00B4D31D /* PBXTargetDependency */ = {
			isa = PBXTargetDependency;
			target = 39133B122BBAA0B200B4D31D /* StorageService */;
			targetProxy = 39133B0B2BBA9E7C00B4D31D /* PBXContainerItemProxy */;
		};
		39133B272BBAA0B300B4D31D /* PBXTargetDependency */ = {
			isa = PBXTargetDependency;
			target = 39133B122BBAA0B200B4D31D /* StorageService */;
			targetProxy = 39133B262BBAA0B300B4D31D /* PBXContainerItemProxy */;
		};
		39133B342BBAA11900B4D31D /* PBXTargetDependency */ = {
			isa = PBXTargetDependency;
			target = 39133B122BBAA0B200B4D31D /* StorageService */;
			targetProxy = 39133B332BBAA11900B4D31D /* PBXContainerItemProxy */;
		};
/* End PBXTargetDependency section */

/* Begin PBXVariantGroup section */
		39133A672BB4050200B4D31D /* LaunchScreen.storyboard */ = {
			isa = PBXVariantGroup;
			children = (
				39133A682BB4050200B4D31D /* Base */,
			);
			name = LaunchScreen.storyboard;
			sourceTree = "<group>";
		};
/* End PBXVariantGroup section */

/* Begin XCBuildConfiguration section */
		39133A6B2BB4050200B4D31D /* Debug */ = {
			isa = XCBuildConfiguration;
			buildSettings = {
				ALWAYS_SEARCH_USER_PATHS = NO;
				CLANG_ANALYZER_NONNULL = YES;
				CLANG_ANALYZER_NUMBER_OBJECT_CONVERSION = YES_AGGRESSIVE;
				CLANG_CXX_LANGUAGE_STANDARD = "gnu++20";
				CLANG_ENABLE_MODULES = YES;
				CLANG_ENABLE_OBJC_ARC = YES;
				CLANG_ENABLE_OBJC_WEAK = YES;
				CLANG_WARN_BLOCK_CAPTURE_AUTORELEASING = YES;
				CLANG_WARN_BOOL_CONVERSION = YES;
				CLANG_WARN_COMMA = YES;
				CLANG_WARN_CONSTANT_CONVERSION = YES;
				CLANG_WARN_DEPRECATED_OBJC_IMPLEMENTATIONS = YES;
				CLANG_WARN_DIRECT_OBJC_ISA_USAGE = YES_ERROR;
				CLANG_WARN_DOCUMENTATION_COMMENTS = YES;
				CLANG_WARN_EMPTY_BODY = YES;
				CLANG_WARN_ENUM_CONVERSION = YES;
				CLANG_WARN_INFINITE_RECURSION = YES;
				CLANG_WARN_INT_CONVERSION = YES;
				CLANG_WARN_NON_LITERAL_NULL_CONVERSION = YES;
				CLANG_WARN_OBJC_IMPLICIT_RETAIN_SELF = YES;
				CLANG_WARN_OBJC_LITERAL_CONVERSION = YES;
				CLANG_WARN_OBJC_ROOT_CLASS = YES_ERROR;
				CLANG_WARN_QUOTED_INCLUDE_IN_FRAMEWORK_HEADER = YES;
				CLANG_WARN_RANGE_LOOP_ANALYSIS = YES;
				CLANG_WARN_STRICT_PROTOTYPES = YES;
				CLANG_WARN_SUSPICIOUS_MOVE = YES;
				CLANG_WARN_UNGUARDED_AVAILABILITY = YES_AGGRESSIVE;
				CLANG_WARN_UNREACHABLE_CODE = YES;
				CLANG_WARN__DUPLICATE_METHOD_MATCH = YES;
				COPY_PHASE_STRIP = NO;
				DEBUG_INFORMATION_FORMAT = dwarf;
				ENABLE_STRICT_OBJC_MSGSEND = YES;
				ENABLE_TESTABILITY = YES;
				GCC_C_LANGUAGE_STANDARD = gnu11;
				GCC_DYNAMIC_NO_PIC = NO;
				GCC_NO_COMMON_BLOCKS = YES;
				GCC_OPTIMIZATION_LEVEL = 0;
				GCC_PREPROCESSOR_DEFINITIONS = (
					"DEBUG=1",
					"$(inherited)",
				);
				GCC_WARN_64_TO_32_BIT_CONVERSION = YES;
				GCC_WARN_ABOUT_RETURN_TYPE = YES_ERROR;
				GCC_WARN_UNDECLARED_SELECTOR = YES;
				GCC_WARN_UNINITIALIZED_AUTOS = YES_AGGRESSIVE;
				GCC_WARN_UNUSED_FUNCTION = YES;
				GCC_WARN_UNUSED_VARIABLE = YES;
				IPHONEOS_DEPLOYMENT_TARGET = 16.4;
				MTL_ENABLE_DEBUG_INFO = INCLUDE_SOURCE;
				MTL_FAST_MATH = YES;
				ONLY_ACTIVE_ARCH = YES;
				SDKROOT = iphoneos;
				SWIFT_ACTIVE_COMPILATION_CONDITIONS = DEBUG;
				SWIFT_OPTIMIZATION_LEVEL = "-Onone";
			};
			name = Debug;
		};
		39133A6C2BB4050200B4D31D /* Release */ = {
			isa = XCBuildConfiguration;
			buildSettings = {
				ALWAYS_SEARCH_USER_PATHS = NO;
				CLANG_ANALYZER_NONNULL = YES;
				CLANG_ANALYZER_NUMBER_OBJECT_CONVERSION = YES_AGGRESSIVE;
				CLANG_CXX_LANGUAGE_STANDARD = "gnu++20";
				CLANG_ENABLE_MODULES = YES;
				CLANG_ENABLE_OBJC_ARC = YES;
				CLANG_ENABLE_OBJC_WEAK = YES;
				CLANG_WARN_BLOCK_CAPTURE_AUTORELEASING = YES;
				CLANG_WARN_BOOL_CONVERSION = YES;
				CLANG_WARN_COMMA = YES;
				CLANG_WARN_CONSTANT_CONVERSION = YES;
				CLANG_WARN_DEPRECATED_OBJC_IMPLEMENTATIONS = YES;
				CLANG_WARN_DIRECT_OBJC_ISA_USAGE = YES_ERROR;
				CLANG_WARN_DOCUMENTATION_COMMENTS = YES;
				CLANG_WARN_EMPTY_BODY = YES;
				CLANG_WARN_ENUM_CONVERSION = YES;
				CLANG_WARN_INFINITE_RECURSION = YES;
				CLANG_WARN_INT_CONVERSION = YES;
				CLANG_WARN_NON_LITERAL_NULL_CONVERSION = YES;
				CLANG_WARN_OBJC_IMPLICIT_RETAIN_SELF = YES;
				CLANG_WARN_OBJC_LITERAL_CONVERSION = YES;
				CLANG_WARN_OBJC_ROOT_CLASS = YES_ERROR;
				CLANG_WARN_QUOTED_INCLUDE_IN_FRAMEWORK_HEADER = YES;
				CLANG_WARN_RANGE_LOOP_ANALYSIS = YES;
				CLANG_WARN_STRICT_PROTOTYPES = YES;
				CLANG_WARN_SUSPICIOUS_MOVE = YES;
				CLANG_WARN_UNGUARDED_AVAILABILITY = YES_AGGRESSIVE;
				CLANG_WARN_UNREACHABLE_CODE = YES;
				CLANG_WARN__DUPLICATE_METHOD_MATCH = YES;
				COPY_PHASE_STRIP = NO;
				DEBUG_INFORMATION_FORMAT = "dwarf-with-dsym";
				ENABLE_NS_ASSERTIONS = NO;
				ENABLE_STRICT_OBJC_MSGSEND = YES;
				GCC_C_LANGUAGE_STANDARD = gnu11;
				GCC_NO_COMMON_BLOCKS = YES;
				GCC_WARN_64_TO_32_BIT_CONVERSION = YES;
				GCC_WARN_ABOUT_RETURN_TYPE = YES_ERROR;
				GCC_WARN_UNDECLARED_SELECTOR = YES;
				GCC_WARN_UNINITIALIZED_AUTOS = YES_AGGRESSIVE;
				GCC_WARN_UNUSED_FUNCTION = YES;
				GCC_WARN_UNUSED_VARIABLE = YES;
				IPHONEOS_DEPLOYMENT_TARGET = 16.4;
				MTL_ENABLE_DEBUG_INFO = NO;
				MTL_FAST_MATH = YES;
				SDKROOT = iphoneos;
				SWIFT_COMPILATION_MODE = wholemodule;
				SWIFT_OPTIMIZATION_LEVEL = "-O";
				VALIDATE_PRODUCT = YES;
			};
			name = Release;
		};
		39133A6E2BB4050200B4D31D /* Debug */ = {
			isa = XCBuildConfiguration;
			buildSettings = {
				ASSETCATALOG_COMPILER_APPICON_NAME = AppIcon;
				ASSETCATALOG_COMPILER_GLOBAL_ACCENT_COLOR_NAME = AccentColor;
				CODE_SIGN_STYLE = Automatic;
				CURRENT_PROJECT_VERSION = 1;
				GENERATE_INFOPLIST_FILE = YES;
				INFOPLIST_FILE = Navigation5/Info.plist;
				INFOPLIST_KEY_UIApplicationSupportsIndirectInputEvents = YES;
				INFOPLIST_KEY_UILaunchStoryboardName = LaunchScreen;
				INFOPLIST_KEY_UIMainStoryboardFile = "";
				INFOPLIST_KEY_UISupportedInterfaceOrientations_iPad = "UIInterfaceOrientationPortrait UIInterfaceOrientationPortraitUpsideDown UIInterfaceOrientationLandscapeLeft UIInterfaceOrientationLandscapeRight";
				INFOPLIST_KEY_UISupportedInterfaceOrientations_iPhone = "UIInterfaceOrientationPortrait UIInterfaceOrientationLandscapeLeft UIInterfaceOrientationLandscapeRight";
				IPHONEOS_DEPLOYMENT_TARGET = 13.0;
				LD_RUNPATH_SEARCH_PATHS = (
					"$(inherited)",
					"@executable_path/Frameworks",
				);
				MARKETING_VERSION = 1.0;
				PRODUCT_BUNDLE_IDENTIFIER = "Part-1-basics..Navigation5";
				PRODUCT_NAME = "$(TARGET_NAME)";
				SUPPORTED_PLATFORMS = "iphoneos iphonesimulator";
				SUPPORTS_MACCATALYST = NO;
				SUPPORTS_MAC_DESIGNED_FOR_IPHONE_IPAD = NO;
				SWIFT_EMIT_LOC_STRINGS = YES;
				SWIFT_VERSION = 5.0;
				TARGETED_DEVICE_FAMILY = 1;
			};
			name = Debug;
		};
		39133A6F2BB4050200B4D31D /* Release */ = {
			isa = XCBuildConfiguration;
			buildSettings = {
				ASSETCATALOG_COMPILER_APPICON_NAME = AppIcon;
				ASSETCATALOG_COMPILER_GLOBAL_ACCENT_COLOR_NAME = AccentColor;
				CODE_SIGN_STYLE = Automatic;
				CURRENT_PROJECT_VERSION = 1;
				GENERATE_INFOPLIST_FILE = YES;
				INFOPLIST_FILE = Navigation5/Info.plist;
				INFOPLIST_KEY_UIApplicationSupportsIndirectInputEvents = YES;
				INFOPLIST_KEY_UILaunchStoryboardName = LaunchScreen;
				INFOPLIST_KEY_UIMainStoryboardFile = "";
				INFOPLIST_KEY_UISupportedInterfaceOrientations_iPad = "UIInterfaceOrientationPortrait UIInterfaceOrientationPortraitUpsideDown UIInterfaceOrientationLandscapeLeft UIInterfaceOrientationLandscapeRight";
				INFOPLIST_KEY_UISupportedInterfaceOrientations_iPhone = "UIInterfaceOrientationPortrait UIInterfaceOrientationLandscapeLeft UIInterfaceOrientationLandscapeRight";
				IPHONEOS_DEPLOYMENT_TARGET = 13.0;
				LD_RUNPATH_SEARCH_PATHS = (
					"$(inherited)",
					"@executable_path/Frameworks",
				);
				MARKETING_VERSION = 1.0;
				PRODUCT_BUNDLE_IDENTIFIER = "Part-1-basics..Navigation5";
				PRODUCT_NAME = "$(TARGET_NAME)";
				SUPPORTED_PLATFORMS = "iphoneos iphonesimulator";
				SUPPORTS_MACCATALYST = NO;
				SUPPORTS_MAC_DESIGNED_FOR_IPHONE_IPAD = NO;
				SWIFT_EMIT_LOC_STRINGS = YES;
				SWIFT_VERSION = 5.0;
				TARGETED_DEVICE_FAMILY = 1;
			};
			name = Release;
		};
		39133B2B2BBAA0B300B4D31D /* Debug */ = {
			isa = XCBuildConfiguration;
			buildSettings = {
				CODE_SIGN_STYLE = Automatic;
				CURRENT_PROJECT_VERSION = 1;
				DEFINES_MODULE = YES;
				DYLIB_COMPATIBILITY_VERSION = 1;
				DYLIB_CURRENT_VERSION = 1;
				DYLIB_INSTALL_NAME_BASE = "@rpath";
				ENABLE_MODULE_VERIFIER = YES;
				GENERATE_INFOPLIST_FILE = YES;
				INFOPLIST_KEY_NSHumanReadableCopyright = "";
				INSTALL_PATH = "$(LOCAL_LIBRARY_DIR)/Frameworks";
				IPHONEOS_DEPLOYMENT_TARGET = 13.0;
				LD_RUNPATH_SEARCH_PATHS = (
					"$(inherited)",
					"@executable_path/Frameworks",
					"@loader_path/Frameworks",
				);
				MARKETING_VERSION = 1.0;
				MODULE_VERIFIER_SUPPORTED_LANGUAGES = "objective-c objective-c++";
				MODULE_VERIFIER_SUPPORTED_LANGUAGE_STANDARDS = "gnu11 gnu++20";
				PRODUCT_BUNDLE_IDENTIFIER = "Part-1-basics..StorageService";
				PRODUCT_NAME = "$(TARGET_NAME:c99extidentifier)";
				SKIP_INSTALL = YES;
				SUPPORTED_PLATFORMS = "iphoneos iphonesimulator";
				SUPPORTS_MACCATALYST = NO;
				SUPPORTS_MAC_DESIGNED_FOR_IPHONE_IPAD = NO;
				SWIFT_EMIT_LOC_STRINGS = YES;
				SWIFT_VERSION = 5.0;
				TARGETED_DEVICE_FAMILY = 1;
				VERSIONING_SYSTEM = "apple-generic";
				VERSION_INFO_PREFIX = "";
			};
			name = Debug;
		};
		39133B2C2BBAA0B300B4D31D /* Release */ = {
			isa = XCBuildConfiguration;
			buildSettings = {
				CODE_SIGN_STYLE = Automatic;
				CURRENT_PROJECT_VERSION = 1;
				DEFINES_MODULE = YES;
				DYLIB_COMPATIBILITY_VERSION = 1;
				DYLIB_CURRENT_VERSION = 1;
				DYLIB_INSTALL_NAME_BASE = "@rpath";
				ENABLE_MODULE_VERIFIER = YES;
				GENERATE_INFOPLIST_FILE = YES;
				INFOPLIST_KEY_NSHumanReadableCopyright = "";
				INSTALL_PATH = "$(LOCAL_LIBRARY_DIR)/Frameworks";
				IPHONEOS_DEPLOYMENT_TARGET = 13.0;
				LD_RUNPATH_SEARCH_PATHS = (
					"$(inherited)",
					"@executable_path/Frameworks",
					"@loader_path/Frameworks",
				);
				MARKETING_VERSION = 1.0;
				MODULE_VERIFIER_SUPPORTED_LANGUAGES = "objective-c objective-c++";
				MODULE_VERIFIER_SUPPORTED_LANGUAGE_STANDARDS = "gnu11 gnu++20";
				PRODUCT_BUNDLE_IDENTIFIER = "Part-1-basics..StorageService";
				PRODUCT_NAME = "$(TARGET_NAME:c99extidentifier)";
				SKIP_INSTALL = YES;
				SUPPORTED_PLATFORMS = "iphoneos iphonesimulator";
				SUPPORTS_MACCATALYST = NO;
				SUPPORTS_MAC_DESIGNED_FOR_IPHONE_IPAD = NO;
				SWIFT_EMIT_LOC_STRINGS = YES;
				SWIFT_VERSION = 5.0;
				TARGETED_DEVICE_FAMILY = 1;
				VERSIONING_SYSTEM = "apple-generic";
				VERSION_INFO_PREFIX = "";
			};
			name = Release;
		};
/* End XCBuildConfiguration section */

/* Begin XCConfigurationList section */
		39133A542BB4050000B4D31D /* Build configuration list for PBXProject "Navigation5" */ = {
			isa = XCConfigurationList;
			buildConfigurations = (
				39133A6B2BB4050200B4D31D /* Debug */,
				39133A6C2BB4050200B4D31D /* Release */,
			);
			defaultConfigurationIsVisible = 0;
			defaultConfigurationName = Release;
		};
		39133A6D2BB4050200B4D31D /* Build configuration list for PBXNativeTarget "Navigation5" */ = {
			isa = XCConfigurationList;
			buildConfigurations = (
				39133A6E2BB4050200B4D31D /* Debug */,
				39133A6F2BB4050200B4D31D /* Release */,
			);
			defaultConfigurationIsVisible = 0;
			defaultConfigurationName = Release;
		};
		39133B2A2BBAA0B300B4D31D /* Build configuration list for PBXNativeTarget "StorageService" */ = {
			isa = XCConfigurationList;
			buildConfigurations = (
				39133B2B2BBAA0B300B4D31D /* Debug */,
				39133B2C2BBAA0B300B4D31D /* Release */,
			);
			defaultConfigurationIsVisible = 0;
			defaultConfigurationName = Release;
		};
/* End XCConfigurationList section */

/* Begin XCRemoteSwiftPackageReference section */
		399D3B252BCBB8630018B935 /* XCRemoteSwiftPackageReference "SnapKit" */ = {
			isa = XCRemoteSwiftPackageReference;
			repositoryURL = "https://github.com/SnapKit/SnapKit";
			requirement = {
				kind = upToNextMinorVersion;
				minimumVersion = 5.7.0;
			};
		};
		399D3B852BDF923C0018B935 /* XCRemoteSwiftPackageReference "iOSIntPackage" */ = {
			isa = XCRemoteSwiftPackageReference;
			repositoryURL = "https://github.com/TrueMax/iOSIntPackage";
			requirement = {
				branch = imagepublisher;
				kind = branch;
			};
		};
/* End XCRemoteSwiftPackageReference section */

/* Begin XCSwiftPackageProductDependency section */
		399D3B262BCBB8630018B935 /* SnapKit */ = {
			isa = XCSwiftPackageProductDependency;
			package = 399D3B252BCBB8630018B935 /* XCRemoteSwiftPackageReference "SnapKit" */;
			productName = SnapKit;
		};
		399D3B862BDF923C0018B935 /* iOSIntPackage */ = {
			isa = XCSwiftPackageProductDependency;
			package = 399D3B852BDF923C0018B935 /* XCRemoteSwiftPackageReference "iOSIntPackage" */;
			productName = iOSIntPackage;
		};
/* End XCSwiftPackageProductDependency section */
	};
	rootObject = 39133A512BB4050000B4D31D /* Project object */;
}
